
Microsoft Visual Studio Solution File, Format Version 12.00
# Visual Studio Version 17
VisualStudioVersion = 17.6.33815.320
MinimumVisualStudioVersion = 10.0.40219.1
Project("{FAE04EC0-301F-11D3-BF4B-00C04F79EFBC}") = "Products", "Products\Products.csproj", "{ADF022EB-1A87-4724-BCEB-E406B79D8079}"
EndProject
Global
	GlobalSection(SolutionConfigurationPlatforms) = preSolution
		Debug|Any CPU = Debug|Any CPU
		Release|Any CPU = Release|Any CPU
	EndGlobalSection
	GlobalSection(ProjectConfigurationPlatforms) = postSolution
		{ADF022EB-1A87-4724-BCEB-E406B79D8079}.Debug|Any CPU.ActiveCfg = Debug|Any CPU
		{ADF022EB-1A87-4724-BCEB-E406B79D8079}.Debug|Any CPU.Build.0 = Debug|Any CPU
		{ADF022EB-1A87-4724-BCEB-E406B79D8079}.Release|Any CPU.ActiveCfg = Release|Any CPU
		{ADF022EB-1A87-4724-BCEB-E406B79D8079}.Release|Any CPU.Build.0 = Release|Any CPU
	EndGlobalSection
	GlobalSection(SolutionProperties) = preSolution
		HideSolutionNode = FALSE
	EndGlobalSection
	GlobalSection(ExtensibilityGlobals) = postSolution
		SolutionGuid = {ECDA9B5E-2A2D-496E-BA8D-7D432A2CCBAE}
	EndGlobalSection
EndGlobal
