
Microsoft Visual Studio Solution File, Format Version 12.00
# Visual Studio Version 17
VisualStudioVersion = 17.6.33815.320
MinimumVisualStudioVersion = 10.0.40219.1
Project("{FAE04EC0-301F-11D3-BF4B-00C04F79EFBC}") = "ProductController", "ProductController\ProductController.csproj", "{1AE75643-97E4-467C-A7AA-E08E933DFE92}"
EndProject
Global
	GlobalSection(SolutionConfigurationPlatforms) = preSolution
		Debug|Any CPU = Debug|Any CPU
		Release|Any CPU = Release|Any CPU
	EndGlobalSection
	GlobalSection(ProjectConfigurationPlatforms) = postSolution
		{1AE75643-97E4-467C-A7AA-E08E933DFE92}.Debug|Any CPU.ActiveCfg = Debug|Any CPU
		{1AE75643-97E4-467C-A7AA-E08E933DFE92}.Debug|Any CPU.Build.0 = Debug|Any CPU
		{1AE75643-97E4-467C-A7AA-E08E933DFE92}.Release|Any CPU.ActiveCfg = Release|Any CPU
		{1AE75643-97E4-467C-A7AA-E08E933DFE92}.Release|Any CPU.Build.0 = Release|Any CPU
	EndGlobalSection
	GlobalSection(SolutionProperties) = preSolution
		HideSolutionNode = FALSE
	EndGlobalSection
	GlobalSection(ExtensibilityGlobals) = postSolution
		SolutionGuid = {BD8FEA1E-E808-46D8-B0DD-783DAC029E8E}
	EndGlobalSection
EndGlobal
